
Microsoft Visual Studio Solution File, Format Version 12.00
# Visual Studio Version 17
VisualStudioVersion = 17.0.31903.59
MinimumVisualStudioVersion = 10.0.40219.1
Project("{FAE04EC0-301F-11D3-BF4B-00C04F79EFBC}") = "WebApi", "WebApi\WebApi.csproj", "{B5E4BC7A-E9FD-4A6E-82C9-40FFE4AAC27F}"
EndProject
Project("{FAE04EC0-301F-11D3-BF4B-00C04F79EFBC}") = "WebApiTests", "WebApiTests\WebApiTests.csproj", "{B91DF5FD-95C8-4F11-AC41-061B98DEC8D7}"
EndProject
Global
	GlobalSection(SolutionConfigurationPlatforms) = preSolution
		Debug|Any CPU = Debug|Any CPU
		Release|Any CPU = Release|Any CPU
	EndGlobalSection
	GlobalSection(SolutionProperties) = preSolution
		HideSolutionNode = FALSE
	EndGlobalSection
	GlobalSection(ProjectConfigurationPlatforms) = postSolution
		{B5E4BC7A-E9FD-4A6E-82C9-40FFE4AAC27F}.Debug|Any CPU.ActiveCfg = Debug|Any CPU
		{B5E4BC7A-E9FD-4A6E-82C9-40FFE4AAC27F}.Debug|Any CPU.Build.0 = Debug|Any CPU
		{B5E4BC7A-E9FD-4A6E-82C9-40FFE4AAC27F}.Release|Any CPU.ActiveCfg = Release|Any CPU
		{B5E4BC7A-E9FD-4A6E-82C9-40FFE4AAC27F}.Release|Any CPU.Build.0 = Release|Any CPU
		{B91DF5FD-95C8-4F11-AC41-061B98DEC8D7}.Debug|Any CPU.ActiveCfg = Debug|Any CPU
		{B91DF5FD-95C8-4F11-AC41-061B98DEC8D7}.Debug|Any CPU.Build.0 = Debug|Any CPU
		{B91DF5FD-95C8-4F11-AC41-061B98DEC8D7}.Release|Any CPU.ActiveCfg = Release|Any CPU
		{B91DF5FD-95C8-4F11-AC41-061B98DEC8D7}.Release|Any CPU.Build.0 = Release|Any CPU
	EndGlobalSection
EndGlobal
